// !$*UTF8*$!
{
	archiveVersion = 1;
	classes = {
	};
	objectVersion = 46;
	objects = {

/* Begin PBXBuildFile section */
		4300386C1E6DD46100CB7E27 /* Attributes.swift in Sources */ = {isa = PBXBuildFile; fileRef = 4300386B1E6DD46100CB7E27 /* Attributes.swift */; };
		430179801E6B3C7B00601C0B /* FactorySwift.swift in Sources */ = {isa = PBXBuildFile; fileRef = 4301797F1E6B3C7B00601C0B /* FactorySwift.swift */; };
		430179841E6B410D00601C0B /* Generator.swift in Sources */ = {isa = PBXBuildFile; fileRef = 430179821E6B410D00601C0B /* Generator.swift */; };
		430179861E6B412A00601C0B /* Factoryable.swift in Sources */ = {isa = PBXBuildFile; fileRef = 430179851E6B412A00601C0B /* Factoryable.swift */; };
		4335D13A1E6F245F005427AC /* Context.swift in Sources */ = {isa = PBXBuildFile; fileRef = 4335D1391E6F245F005427AC /* Context.swift */; };
		4358CCD01E71C69B000D9242 /* Error.swift in Sources */ = {isa = PBXBuildFile; fileRef = 4358CCCF1E71C69B000D9242 /* Error.swift */; };
		436F491C1E747E5300D06208 /* FactorySwift.framework in Frameworks */ = {isa = PBXBuildFile; fileRef = 436F49131E747E5300D06208 /* FactorySwift.framework */; };
		436F492A1E747FAF00D06208 /* FactorySwiftTests.swift in Sources */ = {isa = PBXBuildFile; fileRef = OBJ_12 /* FactorySwiftTests.swift */; };
		436F492B1E747FAF00D06208 /* GeneratorTests.swift in Sources */ = {isa = PBXBuildFile; fileRef = 439F32581E6B639E0066D4C3 /* GeneratorTests.swift */; };
		436F492C1E747FB900D06208 /* Attributes.swift in Sources */ = {isa = PBXBuildFile; fileRef = 4300386B1E6DD46100CB7E27 /* Attributes.swift */; };
		436F492D1E747FB900D06208 /* Context.swift in Sources */ = {isa = PBXBuildFile; fileRef = 4335D1391E6F245F005427AC /* Context.swift */; };
		436F492E1E747FB900D06208 /* Error.swift in Sources */ = {isa = PBXBuildFile; fileRef = 4358CCCF1E71C69B000D9242 /* Error.swift */; };
		436F492F1E747FB900D06208 /* Factoryable.swift in Sources */ = {isa = PBXBuildFile; fileRef = 430179851E6B412A00601C0B /* Factoryable.swift */; };
		436F49301E747FB900D06208 /* FactorySwift.swift in Sources */ = {isa = PBXBuildFile; fileRef = 4301797F1E6B3C7B00601C0B /* FactorySwift.swift */; };
		436F49311E747FB900D06208 /* Generator.swift in Sources */ = {isa = PBXBuildFile; fileRef = 430179821E6B410D00601C0B /* Generator.swift */; };
		439F325A1E6B63D40066D4C3 /* GeneratorTests.swift in Sources */ = {isa = PBXBuildFile; fileRef = 439F32581E6B639E0066D4C3 /* GeneratorTests.swift */; };
		OBJ_28 /* FactorySwiftTests.swift in Sources */ = {isa = PBXBuildFile; fileRef = OBJ_12 /* FactorySwiftTests.swift */; };
		OBJ_30 /* FactorySwift.framework in Frameworks */ = {isa = PBXBuildFile; fileRef = OBJ_14 /* FactorySwift.framework */; };
/* End PBXBuildFile section */

/* Begin PBXContainerItemProxy section */
		4301797E1E6B3C5400601C0B /* PBXContainerItemProxy */ = {
			isa = PBXContainerItemProxy;
			containerPortal = OBJ_1 /* Project object */;
			proxyType = 1;
			remoteGlobalIDString = OBJ_16;
			remoteInfo = FactorySwift;
		};
		436F491D1E747E5300D06208 /* PBXContainerItemProxy */ = {
			isa = PBXContainerItemProxy;
			containerPortal = OBJ_1 /* Project object */;
			proxyType = 1;
			remoteGlobalIDString = 436F49121E747E5300D06208;
			remoteInfo = "FactorySwift-iOS";
		};
/* End PBXContainerItemProxy section */

/* Begin PBXFileReference section */
		4300386B1E6DD46100CB7E27 /* Attributes.swift */ = {isa = PBXFileReference; fileEncoding = 4; lastKnownFileType = sourcecode.swift; name = Attributes.swift; path = FactorySwift/Attributes.swift; sourceTree = "<group>"; };
		4301797F1E6B3C7B00601C0B /* FactorySwift.swift */ = {isa = PBXFileReference; fileEncoding = 4; lastKnownFileType = sourcecode.swift; name = FactorySwift.swift; path = FactorySwift/FactorySwift.swift; sourceTree = "<group>"; };
		430179821E6B410D00601C0B /* Generator.swift */ = {isa = PBXFileReference; fileEncoding = 4; lastKnownFileType = sourcecode.swift; name = Generator.swift; path = FactorySwift/Generator.swift; sourceTree = "<group>"; };
		430179851E6B412A00601C0B /* Factoryable.swift */ = {isa = PBXFileReference; fileEncoding = 4; lastKnownFileType = sourcecode.swift; name = Factoryable.swift; path = FactorySwift/Factoryable.swift; sourceTree = "<group>"; };
		4335D1391E6F245F005427AC /* Context.swift */ = {isa = PBXFileReference; fileEncoding = 4; lastKnownFileType = sourcecode.swift; name = Context.swift; path = FactorySwift/Context.swift; sourceTree = "<group>"; };
		4358CCCF1E71C69B000D9242 /* Error.swift */ = {isa = PBXFileReference; fileEncoding = 4; lastKnownFileType = sourcecode.swift; name = Error.swift; path = FactorySwift/Error.swift; sourceTree = "<group>"; };
		436F49131E747E5300D06208 /* FactorySwift.framework */ = {isa = PBXFileReference; explicitFileType = wrapper.framework; includeInIndex = 0; path = FactorySwift.framework; sourceTree = BUILT_PRODUCTS_DIR; };
		436F491B1E747E5300D06208 /* FactorySwift-iOSTests.xctest */ = {isa = PBXFileReference; explicitFileType = wrapper.cfbundle; includeInIndex = 0; path = "FactorySwift-iOSTests.xctest"; sourceTree = BUILT_PRODUCTS_DIR; };
		439F32581E6B639E0066D4C3 /* GeneratorTests.swift */ = {isa = PBXFileReference; fileEncoding = 4; lastKnownFileType = sourcecode.swift; path = GeneratorTests.swift; sourceTree = "<group>"; };
		OBJ_12 /* FactorySwiftTests.swift */ = {isa = PBXFileReference; lastKnownFileType = sourcecode.swift; path = FactorySwiftTests.swift; sourceTree = "<group>"; };
		OBJ_14 /* FactorySwift.framework */ = {isa = PBXFileReference; explicitFileType = wrapper.framework; path = FactorySwift.framework; sourceTree = BUILT_PRODUCTS_DIR; };
		OBJ_15 /* FactorySwiftTests.xctest */ = {isa = PBXFileReference; explicitFileType = wrapper.cfbundle; path = FactorySwiftTests.xctest; sourceTree = BUILT_PRODUCTS_DIR; };
		OBJ_6 /* Package.swift */ = {isa = PBXFileReference; explicitFileType = sourcecode.swift; path = Package.swift; sourceTree = "<group>"; };
/* End PBXFileReference section */

/* Begin PBXFrameworksBuildPhase section */
		436F490F1E747E5300D06208 /* Frameworks */ = {
			isa = PBXFrameworksBuildPhase;
			buildActionMask = 2147483647;
			files = (
			);
			runOnlyForDeploymentPostprocessing = 0;
		};
		436F49181E747E5300D06208 /* Frameworks */ = {
			isa = PBXFrameworksBuildPhase;
			buildActionMask = 2147483647;
			files = (
				436F491C1E747E5300D06208 /* FactorySwift.framework in Frameworks */,
			);
			runOnlyForDeploymentPostprocessing = 0;
		};
		OBJ_22 /* Frameworks */ = {
			isa = PBXFrameworksBuildPhase;
			buildActionMask = 0;
			files = (
			);
			runOnlyForDeploymentPostprocessing = 0;
		};
		OBJ_29 /* Frameworks */ = {
			isa = PBXFrameworksBuildPhase;
			buildActionMask = 0;
			files = (
				OBJ_30 /* FactorySwift.framework in Frameworks */,
			);
			runOnlyForDeploymentPostprocessing = 0;
		};
/* End PBXFrameworksBuildPhase section */

/* Begin PBXGroup section */
		OBJ_10 /* Tests */ = {
			isa = PBXGroup;
			children = (
				OBJ_11 /* FactorySwiftTests */,
			);
			path = Tests;
			sourceTree = "<group>";
		};
		OBJ_11 /* FactorySwiftTests */ = {
			isa = PBXGroup;
			children = (
				OBJ_12 /* FactorySwiftTests.swift */,
				439F32581E6B639E0066D4C3 /* GeneratorTests.swift */,
			);
			name = FactorySwiftTests;
			path = Tests/FactorySwiftTests;
			sourceTree = SOURCE_ROOT;
		};
		OBJ_13 /* Products */ = {
			isa = PBXGroup;
			children = (
				OBJ_14 /* FactorySwift.framework */,
				OBJ_15 /* FactorySwiftTests.xctest */,
				436F49131E747E5300D06208 /* FactorySwift.framework */,
				436F491B1E747E5300D06208 /* FactorySwift-iOSTests.xctest */,
			);
			name = Products;
			sourceTree = BUILT_PRODUCTS_DIR;
		};
		OBJ_5 = {
			isa = PBXGroup;
			children = (
				OBJ_6 /* Package.swift */,
				OBJ_7 /* Sources */,
				OBJ_10 /* Tests */,
				OBJ_13 /* Products */,
			);
			sourceTree = "<group>";
		};
		OBJ_7 /* Sources */ = {
			isa = PBXGroup;
			children = (
				OBJ_8 /* FactorySwift */,
			);
			path = Sources;
			sourceTree = "<group>";
		};
		OBJ_8 /* FactorySwift */ = {
			isa = PBXGroup;
			children = (
				4300386B1E6DD46100CB7E27 /* Attributes.swift */,
				4335D1391E6F245F005427AC /* Context.swift */,
				4358CCCF1E71C69B000D9242 /* Error.swift */,
				430179851E6B412A00601C0B /* Factoryable.swift */,
				4301797F1E6B3C7B00601C0B /* FactorySwift.swift */,
				430179821E6B410D00601C0B /* Generator.swift */,
			);
			name = FactorySwift;
			path = Sources;
			sourceTree = SOURCE_ROOT;
		};
/* End PBXGroup section */

/* Begin PBXHeadersBuildPhase section */
		436F49101E747E5300D06208 /* Headers */ = {
			isa = PBXHeadersBuildPhase;
			buildActionMask = 2147483647;
			files = (
			);
			runOnlyForDeploymentPostprocessing = 0;
		};
/* End PBXHeadersBuildPhase section */

/* Begin PBXNativeTarget section */
		436F49121E747E5300D06208 /* FactorySwift-iOS */ = {
			isa = PBXNativeTarget;
			buildConfigurationList = 436F49241E747E5400D06208 /* Build configuration list for PBXNativeTarget "FactorySwift-iOS" */;
			buildPhases = (
				436F490E1E747E5300D06208 /* Sources */,
				436F490F1E747E5300D06208 /* Frameworks */,
				436F49101E747E5300D06208 /* Headers */,
				436F49111E747E5300D06208 /* Resources */,
			);
			buildRules = (
			);
			dependencies = (
			);
			name = "FactorySwift-iOS";
			productName = "FactorySwift-iOS";
			productReference = 436F49131E747E5300D06208 /* FactorySwift.framework */;
			productType = "com.apple.product-type.framework";
		};
		436F491A1E747E5300D06208 /* FactorySwift-iOSTests */ = {
			isa = PBXNativeTarget;
			buildConfigurationList = 436F49271E747E5400D06208 /* Build configuration list for PBXNativeTarget "FactorySwift-iOSTests" */;
			buildPhases = (
				436F49171E747E5300D06208 /* Sources */,
				436F49181E747E5300D06208 /* Frameworks */,
				436F49191E747E5300D06208 /* Resources */,
			);
			buildRules = (
			);
			dependencies = (
				436F491E1E747E5300D06208 /* PBXTargetDependency */,
			);
			name = "FactorySwift-iOSTests";
			productName = "FactorySwift-iOSTests";
			productReference = 436F491B1E747E5300D06208 /* FactorySwift-iOSTests.xctest */;
			productType = "com.apple.product-type.bundle.unit-test";
		};
		OBJ_16 /* FactorySwift-macOS */ = {
			isa = PBXNativeTarget;
			buildConfigurationList = OBJ_17 /* Build configuration list for PBXNativeTarget "FactorySwift-macOS" */;
			buildPhases = (
				OBJ_20 /* Sources */,
				OBJ_22 /* Frameworks */,
			);
			buildRules = (
			);
			dependencies = (
			);
			name = "FactorySwift-macOS";
			productName = FactorySwift;
			productReference = OBJ_14 /* FactorySwift.framework */;
			productType = "com.apple.product-type.framework";
		};
		OBJ_23 /* FactorySwiftTests-macOS */ = {
			isa = PBXNativeTarget;
			buildConfigurationList = OBJ_24 /* Build configuration list for PBXNativeTarget "FactorySwiftTests-macOS" */;
			buildPhases = (
				OBJ_27 /* Sources */,
				OBJ_29 /* Frameworks */,
			);
			buildRules = (
			);
			dependencies = (
				OBJ_31 /* PBXTargetDependency */,
			);
			name = "FactorySwiftTests-macOS";
			productName = FactorySwiftTests;
			productReference = OBJ_15 /* FactorySwiftTests.xctest */;
			productType = "com.apple.product-type.bundle.unit-test";
		};
/* End PBXNativeTarget section */

/* Begin PBXProject section */
		OBJ_1 /* Project object */ = {
			isa = PBXProject;
			attributes = {
				LastSwiftUpdateCheck = 0820;
				LastUpgradeCheck = 9999;
				TargetAttributes = {
					436F49121E747E5300D06208 = {
						CreatedOnToolsVersion = 8.2.1;
						ProvisioningStyle = Automatic;
					};
					436F491A1E747E5300D06208 = {
						CreatedOnToolsVersion = 8.2.1;
						ProvisioningStyle = Automatic;
					};
					OBJ_16 = {
						LastSwiftMigration = 0820;
					};
				};
			};
			buildConfigurationList = OBJ_2 /* Build configuration list for PBXProject "FactorySwift" */;
			compatibilityVersion = "Xcode 3.2";
			developmentRegion = English;
			hasScannedForEncodings = 0;
			knownRegions = (
				en,
			);
			mainGroup = OBJ_5;
			productRefGroup = OBJ_13 /* Products */;
			projectDirPath = "";
			projectRoot = "";
			targets = (
				436F49121E747E5300D06208 /* FactorySwift-iOS */,
				OBJ_16 /* FactorySwift-macOS */,
				436F491A1E747E5300D06208 /* FactorySwift-iOSTests */,
				OBJ_23 /* FactorySwiftTests-macOS */,
			);
		};
/* End PBXProject section */

/* Begin PBXResourcesBuildPhase section */
		436F49111E747E5300D06208 /* Resources */ = {
			isa = PBXResourcesBuildPhase;
			buildActionMask = 2147483647;
			files = (
			);
			runOnlyForDeploymentPostprocessing = 0;
		};
		436F49191E747E5300D06208 /* Resources */ = {
			isa = PBXResourcesBuildPhase;
			buildActionMask = 2147483647;
			files = (
			);
			runOnlyForDeploymentPostprocessing = 0;
		};
/* End PBXResourcesBuildPhase section */

/* Begin PBXSourcesBuildPhase section */
		436F490E1E747E5300D06208 /* Sources */ = {
			isa = PBXSourcesBuildPhase;
			buildActionMask = 2147483647;
			files = (
				436F49301E747FB900D06208 /* FactorySwift.swift in Sources */,
				436F492F1E747FB900D06208 /* Factoryable.swift in Sources */,
				436F492C1E747FB900D06208 /* Attributes.swift in Sources */,
				436F49311E747FB900D06208 /* Generator.swift in Sources */,
				436F492E1E747FB900D06208 /* Error.swift in Sources */,
				436F492D1E747FB900D06208 /* Context.swift in Sources */,
			);
			runOnlyForDeploymentPostprocessing = 0;
		};
		436F49171E747E5300D06208 /* Sources */ = {
			isa = PBXSourcesBuildPhase;
			buildActionMask = 2147483647;
			files = (
				436F492A1E747FAF00D06208 /* FactorySwiftTests.swift in Sources */,
				436F492B1E747FAF00D06208 /* GeneratorTests.swift in Sources */,
			);
			runOnlyForDeploymentPostprocessing = 0;
		};
		OBJ_20 /* Sources */ = {
			isa = PBXSourcesBuildPhase;
			buildActionMask = 0;
			files = (
				430179861E6B412A00601C0B /* Factoryable.swift in Sources */,
				430179841E6B410D00601C0B /* Generator.swift in Sources */,
				4335D13A1E6F245F005427AC /* Context.swift in Sources */,
				4300386C1E6DD46100CB7E27 /* Attributes.swift in Sources */,
				4358CCD01E71C69B000D9242 /* Error.swift in Sources */,
				430179801E6B3C7B00601C0B /* FactorySwift.swift in Sources */,
			);
			runOnlyForDeploymentPostprocessing = 0;
		};
		OBJ_27 /* Sources */ = {
			isa = PBXSourcesBuildPhase;
			buildActionMask = 0;
			files = (
				OBJ_28 /* FactorySwiftTests.swift in Sources */,
				439F325A1E6B63D40066D4C3 /* GeneratorTests.swift in Sources */,
			);
			runOnlyForDeploymentPostprocessing = 0;
		};
/* End PBXSourcesBuildPhase section */

/* Begin PBXTargetDependency section */
		436F491E1E747E5300D06208 /* PBXTargetDependency */ = {
			isa = PBXTargetDependency;
			target = 436F49121E747E5300D06208 /* FactorySwift-iOS */;
			targetProxy = 436F491D1E747E5300D06208 /* PBXContainerItemProxy */;
		};
		OBJ_31 /* PBXTargetDependency */ = {
			isa = PBXTargetDependency;
			target = OBJ_16 /* FactorySwift-macOS */;
			targetProxy = 4301797E1E6B3C5400601C0B /* PBXContainerItemProxy */;
		};
/* End PBXTargetDependency section */

/* Begin XCBuildConfiguration section */
		436F49251E747E5400D06208 /* Debug */ = {
			isa = XCBuildConfiguration;
			buildSettings = {
				ALWAYS_SEARCH_USER_PATHS = NO;
				CLANG_ANALYZER_NONNULL = YES;
				CLANG_CXX_LANGUAGE_STANDARD = "gnu++0x";
				CLANG_CXX_LIBRARY = "libc++";
				CLANG_ENABLE_MODULES = YES;
				CLANG_ENABLE_OBJC_ARC = YES;
				CLANG_WARN_BOOL_CONVERSION = YES;
				CLANG_WARN_CONSTANT_CONVERSION = YES;
				CLANG_WARN_DIRECT_OBJC_ISA_USAGE = YES_ERROR;
				CLANG_WARN_DOCUMENTATION_COMMENTS = YES;
				CLANG_WARN_EMPTY_BODY = YES;
				CLANG_WARN_ENUM_CONVERSION = YES;
				CLANG_WARN_INFINITE_RECURSION = YES;
				CLANG_WARN_INT_CONVERSION = YES;
				CLANG_WARN_OBJC_ROOT_CLASS = YES_ERROR;
				CLANG_WARN_SUSPICIOUS_MOVE = YES;
				CLANG_WARN_UNREACHABLE_CODE = YES;
				CLANG_WARN__DUPLICATE_METHOD_MATCH = YES;
				CODE_SIGN_IDENTITY = "";
				"CODE_SIGN_IDENTITY[sdk=iphoneos*]" = "iPhone Developer";
				CURRENT_PROJECT_VERSION = 1;
				DEFINES_MODULE = YES;
				DYLIB_COMPATIBILITY_VERSION = 1;
				DYLIB_CURRENT_VERSION = 1;
				DYLIB_INSTALL_NAME_BASE = "@rpath";
				ENABLE_STRICT_OBJC_MSGSEND = YES;
				ENABLE_TESTABILITY = YES;
				GCC_C_LANGUAGE_STANDARD = gnu99;
				GCC_DYNAMIC_NO_PIC = NO;
				GCC_NO_COMMON_BLOCKS = YES;
				GCC_PREPROCESSOR_DEFINITIONS = (
					"DEBUG=1",
					"$(inherited)",
				);
				GCC_WARN_64_TO_32_BIT_CONVERSION = YES;
				GCC_WARN_ABOUT_RETURN_TYPE = YES_ERROR;
				GCC_WARN_UNDECLARED_SELECTOR = YES;
				GCC_WARN_UNINITIALIZED_AUTOS = YES_AGGRESSIVE;
				GCC_WARN_UNUSED_FUNCTION = YES;
				GCC_WARN_UNUSED_VARIABLE = YES;
				INFOPLIST_FILE = FactorySwift.xcodeproj/FactorySwift_Info.plist;
				INSTALL_PATH = "$(LOCAL_LIBRARY_DIR)/Frameworks";
				IPHONEOS_DEPLOYMENT_TARGET = 8.0;
				LD_RUNPATH_SEARCH_PATHS = "$(inherited) @executable_path/Frameworks @loader_path/Frameworks";
				MTL_ENABLE_DEBUG_INFO = YES;
				PRODUCT_BUNDLE_IDENTIFIER = FactorySwift;
				PRODUCT_NAME = FactorySwift;
				SDKROOT = iphoneos;
				SKIP_INSTALL = YES;
				SUPPORTED_PLATFORMS = "iphonesimulator iphoneos";
				SWIFT_ACTIVE_COMPILATION_CONDITIONS = DEBUG;
				SWIFT_VERSION = 3.0;
				TARGETED_DEVICE_FAMILY = "1,2";
				VERSIONING_SYSTEM = "apple-generic";
				VERSION_INFO_PREFIX = "";
			};
			name = Debug;
		};
		436F49261E747E5400D06208 /* Release */ = {
			isa = XCBuildConfiguration;
			buildSettings = {
				ALWAYS_SEARCH_USER_PATHS = NO;
				CLANG_ANALYZER_NONNULL = YES;
				CLANG_CXX_LANGUAGE_STANDARD = "gnu++0x";
				CLANG_CXX_LIBRARY = "libc++";
				CLANG_ENABLE_MODULES = YES;
				CLANG_ENABLE_OBJC_ARC = YES;
				CLANG_WARN_BOOL_CONVERSION = YES;
				CLANG_WARN_CONSTANT_CONVERSION = YES;
				CLANG_WARN_DIRECT_OBJC_ISA_USAGE = YES_ERROR;
				CLANG_WARN_DOCUMENTATION_COMMENTS = YES;
				CLANG_WARN_EMPTY_BODY = YES;
				CLANG_WARN_ENUM_CONVERSION = YES;
				CLANG_WARN_INFINITE_RECURSION = YES;
				CLANG_WARN_INT_CONVERSION = YES;
				CLANG_WARN_OBJC_ROOT_CLASS = YES_ERROR;
				CLANG_WARN_SUSPICIOUS_MOVE = YES;
				CLANG_WARN_UNREACHABLE_CODE = YES;
				CLANG_WARN__DUPLICATE_METHOD_MATCH = YES;
				CODE_SIGN_IDENTITY = "";
				"CODE_SIGN_IDENTITY[sdk=iphoneos*]" = "iPhone Developer";
				COPY_PHASE_STRIP = NO;
				CURRENT_PROJECT_VERSION = 1;
				DEFINES_MODULE = YES;
				DYLIB_COMPATIBILITY_VERSION = 1;
				DYLIB_CURRENT_VERSION = 1;
				DYLIB_INSTALL_NAME_BASE = "@rpath";
				ENABLE_NS_ASSERTIONS = NO;
				ENABLE_STRICT_OBJC_MSGSEND = YES;
				GCC_C_LANGUAGE_STANDARD = gnu99;
				GCC_NO_COMMON_BLOCKS = YES;
				GCC_WARN_64_TO_32_BIT_CONVERSION = YES;
				GCC_WARN_ABOUT_RETURN_TYPE = YES_ERROR;
				GCC_WARN_UNDECLARED_SELECTOR = YES;
				GCC_WARN_UNINITIALIZED_AUTOS = YES_AGGRESSIVE;
				GCC_WARN_UNUSED_FUNCTION = YES;
				GCC_WARN_UNUSED_VARIABLE = YES;
				INFOPLIST_FILE = FactorySwift.xcodeproj/FactorySwift_Info.plist;
				INSTALL_PATH = "$(LOCAL_LIBRARY_DIR)/Frameworks";
				IPHONEOS_DEPLOYMENT_TARGET = 8.0;
				LD_RUNPATH_SEARCH_PATHS = "$(inherited) @executable_path/Frameworks @loader_path/Frameworks";
				MTL_ENABLE_DEBUG_INFO = NO;
				PRODUCT_BUNDLE_IDENTIFIER = FactorySwift;
				PRODUCT_NAME = FactorySwift;
				SDKROOT = iphoneos;
				SKIP_INSTALL = YES;
				SUPPORTED_PLATFORMS = "iphonesimulator iphoneos";
				SWIFT_OPTIMIZATION_LEVEL = "-Owholemodule";
				SWIFT_VERSION = 3.0;
				TARGETED_DEVICE_FAMILY = "1,2";
				VALIDATE_PRODUCT = YES;
				VERSIONING_SYSTEM = "apple-generic";
				VERSION_INFO_PREFIX = "";
			};
			name = Release;
		};
		436F49281E747E5400D06208 /* Debug */ = {
			isa = XCBuildConfiguration;
			buildSettings = {
				ALWAYS_EMBED_SWIFT_STANDARD_LIBRARIES = YES;
				ALWAYS_SEARCH_USER_PATHS = NO;
				CLANG_ANALYZER_NONNULL = YES;
				CLANG_CXX_LANGUAGE_STANDARD = "gnu++0x";
				CLANG_CXX_LIBRARY = "libc++";
				CLANG_ENABLE_MODULES = YES;
				CLANG_ENABLE_OBJC_ARC = YES;
				CLANG_WARN_BOOL_CONVERSION = YES;
				CLANG_WARN_CONSTANT_CONVERSION = YES;
				CLANG_WARN_DIRECT_OBJC_ISA_USAGE = YES_ERROR;
				CLANG_WARN_DOCUMENTATION_COMMENTS = YES;
				CLANG_WARN_EMPTY_BODY = YES;
				CLANG_WARN_ENUM_CONVERSION = YES;
				CLANG_WARN_INFINITE_RECURSION = YES;
				CLANG_WARN_INT_CONVERSION = YES;
				CLANG_WARN_OBJC_ROOT_CLASS = YES_ERROR;
				CLANG_WARN_SUSPICIOUS_MOVE = YES;
				CLANG_WARN_UNREACHABLE_CODE = YES;
				CLANG_WARN__DUPLICATE_METHOD_MATCH = YES;
				"CODE_SIGN_IDENTITY[sdk=iphoneos*]" = "iPhone Developer";
				ENABLE_STRICT_OBJC_MSGSEND = YES;
				ENABLE_TESTABILITY = YES;
				GCC_C_LANGUAGE_STANDARD = gnu99;
				GCC_DYNAMIC_NO_PIC = NO;
				GCC_NO_COMMON_BLOCKS = YES;
				GCC_PREPROCESSOR_DEFINITIONS = (
					"DEBUG=1",
					"$(inherited)",
				);
				GCC_WARN_64_TO_32_BIT_CONVERSION = YES;
				GCC_WARN_ABOUT_RETURN_TYPE = YES_ERROR;
				GCC_WARN_UNDECLARED_SELECTOR = YES;
				GCC_WARN_UNINITIALIZED_AUTOS = YES_AGGRESSIVE;
				GCC_WARN_UNUSED_FUNCTION = YES;
				GCC_WARN_UNUSED_VARIABLE = YES;
				INFOPLIST_FILE = FactorySwift.xcodeproj/FactorySwiftTests_Info.plist;
				IPHONEOS_DEPLOYMENT_TARGET = 10.2;
				LD_RUNPATH_SEARCH_PATHS = "$(inherited) @executable_path/Frameworks @loader_path/Frameworks";
				MTL_ENABLE_DEBUG_INFO = YES;
				PRODUCT_BUNDLE_IDENTIFIER = "FactorySwift-iOSTests";
				PRODUCT_NAME = "$(TARGET_NAME)";
				SDKROOT = iphoneos;
				SUPPORTED_PLATFORMS = "iphonesimulator iphoneos";
				SWIFT_ACTIVE_COMPILATION_CONDITIONS = DEBUG;
				SWIFT_VERSION = 3.0;
			};
			name = Debug;
		};
		436F49291E747E5400D06208 /* Release */ = {
			isa = XCBuildConfiguration;
			buildSettings = {
				ALWAYS_EMBED_SWIFT_STANDARD_LIBRARIES = YES;
				ALWAYS_SEARCH_USER_PATHS = NO;
				CLANG_ANALYZER_NONNULL = YES;
				CLANG_CXX_LANGUAGE_STANDARD = "gnu++0x";
				CLANG_CXX_LIBRARY = "libc++";
				CLANG_ENABLE_MODULES = YES;
				CLANG_ENABLE_OBJC_ARC = YES;
				CLANG_WARN_BOOL_CONVERSION = YES;
				CLANG_WARN_CONSTANT_CONVERSION = YES;
				CLANG_WARN_DIRECT_OBJC_ISA_USAGE = YES_ERROR;
				CLANG_WARN_DOCUMENTATION_COMMENTS = YES;
				CLANG_WARN_EMPTY_BODY = YES;
				CLANG_WARN_ENUM_CONVERSION = YES;
				CLANG_WARN_INFINITE_RECURSION = YES;
				CLANG_WARN_INT_CONVERSION = YES;
				CLANG_WARN_OBJC_ROOT_CLASS = YES_ERROR;
				CLANG_WARN_SUSPICIOUS_MOVE = YES;
				CLANG_WARN_UNREACHABLE_CODE = YES;
				CLANG_WARN__DUPLICATE_METHOD_MATCH = YES;
				"CODE_SIGN_IDENTITY[sdk=iphoneos*]" = "iPhone Developer";
				COPY_PHASE_STRIP = NO;
				ENABLE_NS_ASSERTIONS = NO;
				ENABLE_STRICT_OBJC_MSGSEND = YES;
				GCC_C_LANGUAGE_STANDARD = gnu99;
				GCC_NO_COMMON_BLOCKS = YES;
				GCC_WARN_64_TO_32_BIT_CONVERSION = YES;
				GCC_WARN_ABOUT_RETURN_TYPE = YES_ERROR;
				GCC_WARN_UNDECLARED_SELECTOR = YES;
				GCC_WARN_UNINITIALIZED_AUTOS = YES_AGGRESSIVE;
				GCC_WARN_UNUSED_FUNCTION = YES;
				GCC_WARN_UNUSED_VARIABLE = YES;
				INFOPLIST_FILE = FactorySwift.xcodeproj/FactorySwiftTests_Info.plist;
				IPHONEOS_DEPLOYMENT_TARGET = 10.2;
				LD_RUNPATH_SEARCH_PATHS = "$(inherited) @executable_path/Frameworks @loader_path/Frameworks";
				MTL_ENABLE_DEBUG_INFO = NO;
				PRODUCT_BUNDLE_IDENTIFIER = "FactorySwift-iOSTests";
				PRODUCT_NAME = "$(TARGET_NAME)";
				SDKROOT = iphoneos;
				SUPPORTED_PLATFORMS = "iphonesimulator iphoneos";
				SWIFT_OPTIMIZATION_LEVEL = "-Owholemodule";
				SWIFT_VERSION = 3.0;
				VALIDATE_PRODUCT = YES;
			};
			name = Release;
		};
		OBJ_18 /* Debug */ = {
			isa = XCBuildConfiguration;
			buildSettings = {
				CLANG_ENABLE_MODULES = YES;
				DEFINES_MODULE = YES;
				ENABLE_TESTABILITY = YES;
				FRAMEWORK_SEARCH_PATHS = (
					"$(inherited)",
					"$(PLATFORM_DIR)/Developer/Library/Frameworks",
				);
				HEADER_SEARCH_PATHS = "$(inherited)";
				INFOPLIST_FILE = FactorySwift.xcodeproj/FactorySwift_Info.plist;
				LD_RUNPATH_SEARCH_PATHS = "$(TOOLCHAIN_DIR)/usr/lib/swift/macosx";
				OTHER_LDFLAGS = "$(inherited)";
				OTHER_SWIFT_FLAGS = "$(inherited)";
				PRODUCT_BUNDLE_IDENTIFIER = FactorySwift;
				PRODUCT_MODULE_NAME = "$(TARGET_NAME:c99extidentifier)";
				PRODUCT_NAME = "$(TARGET_NAME:c99extidentifier)";
				SUPPORTED_PLATFORMS = macosx;
				SWIFT_OPTIMIZATION_LEVEL = "-Onone";
				SWIFT_VERSION = 3.0;
				TARGET_NAME = FactorySwift;
			};
			name = Debug;
		};
		OBJ_19 /* Release */ = {
			isa = XCBuildConfiguration;
			buildSettings = {
				CLANG_ENABLE_MODULES = YES;
				DEFINES_MODULE = YES;
				ENABLE_TESTABILITY = YES;
				FRAMEWORK_SEARCH_PATHS = (
					"$(inherited)",
					"$(PLATFORM_DIR)/Developer/Library/Frameworks",
				);
				HEADER_SEARCH_PATHS = "$(inherited)";
				INFOPLIST_FILE = FactorySwift.xcodeproj/FactorySwift_Info.plist;
				LD_RUNPATH_SEARCH_PATHS = "$(TOOLCHAIN_DIR)/usr/lib/swift/macosx";
				OTHER_LDFLAGS = "$(inherited)";
				OTHER_SWIFT_FLAGS = "$(inherited)";
				PRODUCT_BUNDLE_IDENTIFIER = FactorySwift;
				PRODUCT_MODULE_NAME = "$(TARGET_NAME:c99extidentifier)";
				PRODUCT_NAME = "$(TARGET_NAME:c99extidentifier)";
				SUPPORTED_PLATFORMS = macosx;
				SWIFT_VERSION = 3.0;
				TARGET_NAME = FactorySwift;
			};
			name = Release;
		};
		OBJ_25 /* Debug */ = {
			isa = XCBuildConfiguration;
			buildSettings = {
				ALWAYS_EMBED_SWIFT_STANDARD_LIBRARIES = YES;
				EMBEDDED_CONTENT_CONTAINS_SWIFT = YES;
				FRAMEWORK_SEARCH_PATHS = (
					"$(inherited)",
					"$(PLATFORM_DIR)/Developer/Library/Frameworks",
				);
				HEADER_SEARCH_PATHS = "$(inherited)";
				INFOPLIST_FILE = FactorySwift.xcodeproj/FactorySwiftTests_Info.plist;
				LD_RUNPATH_SEARCH_PATHS = "@loader_path/../Frameworks";
				OTHER_LDFLAGS = "$(inherited)";
				OTHER_SWIFT_FLAGS = "$(inherited)";
				SUPPORTED_PLATFORMS = macosx;
				TARGET_NAME = FactorySwiftTests;
			};
			name = Debug;
		};
		OBJ_26 /* Release */ = {
			isa = XCBuildConfiguration;
			buildSettings = {
				ALWAYS_EMBED_SWIFT_STANDARD_LIBRARIES = YES;
				EMBEDDED_CONTENT_CONTAINS_SWIFT = YES;
				FRAMEWORK_SEARCH_PATHS = (
					"$(inherited)",
					"$(PLATFORM_DIR)/Developer/Library/Frameworks",
				);
				HEADER_SEARCH_PATHS = "$(inherited)";
				INFOPLIST_FILE = FactorySwift.xcodeproj/FactorySwiftTests_Info.plist;
				LD_RUNPATH_SEARCH_PATHS = "@loader_path/../Frameworks";
				OTHER_LDFLAGS = "$(inherited)";
				OTHER_SWIFT_FLAGS = "$(inherited)";
				SUPPORTED_PLATFORMS = macosx;
				TARGET_NAME = FactorySwiftTests;
			};
			name = Release;
		};
		OBJ_3 /* Debug */ = {
			isa = XCBuildConfiguration;
			buildSettings = {
				COMBINE_HIDPI_IMAGES = YES;
				COPY_PHASE_STRIP = NO;
				DEBUG_INFORMATION_FORMAT = dwarf;
				DYLIB_INSTALL_NAME_BASE = "@rpath";
				ENABLE_NS_ASSERTIONS = YES;
				GCC_OPTIMIZATION_LEVEL = 0;
				MACOSX_DEPLOYMENT_TARGET = 10.10;
				ONLY_ACTIVE_ARCH = YES;
				OTHER_SWIFT_FLAGS = "-DXcode";
				PRODUCT_NAME = "$(TARGET_NAME)";
				SDKROOT = macosx;
				SUPPORTED_PLATFORMS = "macosx iphoneos iphonesimulator appletvos appletvsimulator watchos watchsimulator";
				SWIFT_ACTIVE_COMPILATION_CONDITIONS = SWIFT_PACKAGE;
				SWIFT_OPTIMIZATION_LEVEL = "-Onone";
				SWIFT_VERSION = 3.0;
				USE_HEADERMAP = NO;
			};
			name = Debug;
		};
		OBJ_4 /* Release */ = {
			isa = XCBuildConfiguration;
			buildSettings = {
				COMBINE_HIDPI_IMAGES = YES;
				COPY_PHASE_STRIP = YES;
				DEBUG_INFORMATION_FORMAT = "dwarf-with-dsym";
				DYLIB_INSTALL_NAME_BASE = "@rpath";
				GCC_OPTIMIZATION_LEVEL = s;
				MACOSX_DEPLOYMENT_TARGET = 10.10;
				OTHER_SWIFT_FLAGS = "-DXcode";
				PRODUCT_NAME = "$(TARGET_NAME)";
				SDKROOT = macosx;
				SUPPORTED_PLATFORMS = "macosx iphoneos iphonesimulator appletvos appletvsimulator watchos watchsimulator";
				SWIFT_ACTIVE_COMPILATION_CONDITIONS = SWIFT_PACKAGE;
				SWIFT_OPTIMIZATION_LEVEL = "-O";
				SWIFT_VERSION = 3.0;
				USE_HEADERMAP = NO;
			};
			name = Release;
		};
/* End XCBuildConfiguration section */

/* Begin XCConfigurationList section */
		436F49241E747E5400D06208 /* Build configuration list for PBXNativeTarget "FactorySwift-iOS" */ = {
			isa = XCConfigurationList;
			buildConfigurations = (
				436F49251E747E5400D06208 /* Debug */,
				436F49261E747E5400D06208 /* Release */,
			);
			defaultConfigurationIsVisible = 0;
		};
		436F49271E747E5400D06208 /* Build configuration list for PBXNativeTarget "FactorySwift-iOSTests" */ = {
			isa = XCConfigurationList;
			buildConfigurations = (
				436F49281E747E5400D06208 /* Debug */,
				436F49291E747E5400D06208 /* Release */,
			);
			defaultConfigurationIsVisible = 0;
		};
		OBJ_17 /* Build configuration list for PBXNativeTarget "FactorySwift-macOS" */ = {
			isa = XCConfigurationList;
			buildConfigurations = (
				OBJ_18 /* Debug */,
				OBJ_19 /* Release */,
			);
			defaultConfigurationIsVisible = 0;
			defaultConfigurationName = Debug;
		};
		OBJ_2 /* Build configuration list for PBXProject "FactorySwift" */ = {
			isa = XCConfigurationList;
			buildConfigurations = (
				OBJ_3 /* Debug */,
				OBJ_4 /* Release */,
			);
			defaultConfigurationIsVisible = 0;
			defaultConfigurationName = Debug;
		};
		OBJ_24 /* Build configuration list for PBXNativeTarget "FactorySwiftTests-macOS" */ = {
			isa = XCConfigurationList;
			buildConfigurations = (
				OBJ_25 /* Debug */,
				OBJ_26 /* Release */,
			);
			defaultConfigurationIsVisible = 0;
			defaultConfigurationName = Debug;
		};
/* End XCConfigurationList section */
	};
	rootObject = OBJ_1 /* Project object */;
}
